// !$*UTF8*$!
{
	archiveVersion = 1;
	classes = {
	};
	objectVersion = 46;
	objects = {

/* Begin PBXBuildFile section */
		741248AC130E036B00715730 /* control.h in Headers */ = {isa = PBXBuildFile; fileRef = 741248A2130E036B00715730 /* control.h */; };
		741248AD130E036B00715730 /* control.c in Sources */ = {isa = PBXBuildFile; fileRef = 741248A3130E036B00715730 /* control.c */; };
		741248B0130E036B00715730 /* kernet-Prefix.pch in Headers */ = {isa = PBXBuildFile; fileRef = 741248A8130E036B00715730 /* kernet-Prefix.pch */; };
		741248B1130E036B00715730 /* kext.c in Sources */ = {isa = PBXBuildFile; fileRef = 741248A9130E036B00715730 /* kext.c */; };
		741248B2130E036B00715730 /* kext.h in Headers */ = {isa = PBXBuildFile; fileRef = 741248AA130E036B00715730 /* kext.h */; };
		741248B3130E036B00715730 /* manipulator.c in Sources */ = {isa = PBXBuildFile; fileRef = 741248AB130E036B00715730 /* manipulator.c */; };
		741248CD130E03EB00715730 /* main.c in Sources */ = {isa = PBXBuildFile; fileRef = 741248CC130E03EB00715730 /* main.c */; };
		741248D3130E058500715730 /* control.h in Headers */ = {isa = PBXBuildFile; fileRef = 741248A2130E036B00715730 /* control.h */; };
		7E0CA9291424466A00D88251 /* manipulator.h in Headers */ = {isa = PBXBuildFile; fileRef = 7E0CA9281424466A00D88251 /* manipulator.h */; };
		7E0CA92C1424473F00D88251 /* filter.h in Headers */ = {isa = PBXBuildFile; fileRef = 7E0CA92B1424473F00D88251 /* filter.h */; };
		7E0CA92E1424474700D88251 /* filter.c in Sources */ = {isa = PBXBuildFile; fileRef = 7E0CA92D1424474700D88251 /* filter.c */; };
		7E327528141EFE1600D9682B /* dns.h in Headers */ = {isa = PBXBuildFile; fileRef = 7E327527141EFE1600D9682B /* dns.h */; };
		7E32752A141EFE2700D9682B /* dns.c in Sources */ = {isa = PBXBuildFile; fileRef = 7E327529141EFE2700D9682B /* dns.c */; };
		7E34C459142761E700F07C8E /* sysctl.c in Sources */ = {isa = PBXBuildFile; fileRef = 7E34C458142761E700F07C8E /* sysctl.c */; };
		7E34C45C1427620B00F07C8E /* sysctl.h in Headers */ = {isa = PBXBuildFile; fileRef = 7E34C45B1427620A00F07C8E /* sysctl.h */; };
		7E34C45E1427859200F07C8E /* mr.h in Headers */ = {isa = PBXBuildFile; fileRef = 7E34C45D1427859200F07C8E /* mr.h */; };
		7E34C460142785CC00F07C8E /* mr.c in Sources */ = {isa = PBXBuildFile; fileRef = 7E34C45F142785CC00F07C8E /* mr.c */; };
		7E7C12EE1429AD7200471DF4 /* notes in Resources */ = {isa = PBXBuildFile; fileRef = 7E7C12ED1429AD7100471DF4 /* notes */; };
		7E90327814233FD1008B1FAB /* wildcard.h in Headers */ = {isa = PBXBuildFile; fileRef = 7E90327714233FD1008B1FAB /* wildcard.h */; };
		7E90327B14233FDA008B1FAB /* wildcard.c in Sources */ = {isa = PBXBuildFile; fileRef = 7E90327A14233FDA008B1FAB /* wildcard.c */; };
		7E90327F142341ED008B1FAB /* locks.c in Sources */ = {isa = PBXBuildFile; fileRef = 7E90327E142341ED008B1FAB /* locks.c */; };
		7E903281142341FD008B1FAB /* locks.h in Headers */ = {isa = PBXBuildFile; fileRef = 7E903280142341FD008B1FAB /* locks.h */; };
		7E90328514243D7F008B1FAB /* common.h in Headers */ = {isa = PBXBuildFile; fileRef = 7E90328414243D7F008B1FAB /* common.h */; };
		7E90328714243DE4008B1FAB /* ip_range.h in Headers */ = {isa = PBXBuildFile; fileRef = 7E90328614243DE4008B1FAB /* ip_range.h */; };
		7E90328914243DF0008B1FAB /* ip_range.c in Sources */ = {isa = PBXBuildFile; fileRef = 7E90328814243DF0008B1FAB /* ip_range.c */; };
		7E90328B142441B6008B1FAB /* debug.c in Sources */ = {isa = PBXBuildFile; fileRef = 7E90328A142441B6008B1FAB /* debug.c */; };
		7E90328D14244438008B1FAB /* utils.h in Headers */ = {isa = PBXBuildFile; fileRef = 7E90328C14244438008B1FAB /* utils.h */; };
		7E90328F14244441008B1FAB /* utils.c in Sources */ = {isa = PBXBuildFile; fileRef = 7E90328E14244440008B1FAB /* utils.c */; };
		7EBA1AD9141C82DE000C94A1 /* connection.c in Sources */ = {isa = PBXBuildFile; fileRef = 7EBA1AD7141C82DE000C94A1 /* connection.c */; };
		7EBA1ADA141C82DE000C94A1 /* connection.h in Headers */ = {isa = PBXBuildFile; fileRef = 7EBA1AD8141C82DE000C94A1 /* connection.h */; };
		7EF3551013FE90530049B88C /* ios_supporting.c in Sources */ = {isa = PBXBuildFile; fileRef = 7EF3550F13FE90530049B88C /* ios_supporting.c */; };
/* End PBXBuildFile section */

/* Begin PBXCopyFilesBuildPhase section */
		741248C7130E03EA00715730 /* CopyFiles */ = {
			isa = PBXCopyFilesBuildPhase;
			buildActionMask = 2147483647;
			dstPath = /usr/share/man/man1/;
			dstSubfolderSpec = 0;
			files = (
			);
			runOnlyForDeploymentPostprocessing = 1;
		};
/* End PBXCopyFilesBuildPhase section */

/* Begin PBXFileReference section */
		74124890130E033600715730 /* kernet.kext */ = {isa = PBXFileReference; explicitFileType = wrapper.cfbundle; includeInIndex = 0; path = kernet.kext; sourceTree = BUILT_PRODUCTS_DIR; };
		74124894130E033600715730 /* Kernel.framework */ = {isa = PBXFileReference; lastKnownFileType = wrapper.framework; name = Kernel.framework; path = System/Library/Frameworks/Kernel.framework; sourceTree = SDKROOT; };
		741248A2130E036B00715730 /* control.h */ = {isa = PBXFileReference; fileEncoding = 4; lastKnownFileType = sourcecode.c.h; lineEnding = 0; name = control.h; path = kernet_kext/control.h; sourceTree = SOURCE_ROOT; xcLanguageSpecificationIdentifier = xcode.lang.objcpp; };
		741248A3130E036B00715730 /* control.c */ = {isa = PBXFileReference; fileEncoding = 4; lastKnownFileType = sourcecode.c.c; lineEnding = 0; name = control.c; path = kernet_kext/control.c; sourceTree = SOURCE_ROOT; xcLanguageSpecificationIdentifier = xcode.lang.c; };
		741248A7130E036B00715730 /* kernet-Info.plist */ = {isa = PBXFileReference; fileEncoding = 4; lastKnownFileType = text.plist.xml; name = "kernet-Info.plist"; path = "kernet_kext/kernet-Info.plist"; sourceTree = SOURCE_ROOT; };
		741248A8130E036B00715730 /* kernet-Prefix.pch */ = {isa = PBXFileReference; fileEncoding = 4; lastKnownFileType = sourcecode.c.h; lineEnding = 0; name = "kernet-Prefix.pch"; path = "kernet_kext/kernet-Prefix.pch"; sourceTree = SOURCE_ROOT; xcLanguageSpecificationIdentifier = xcode.lang.objc; };
		741248A9130E036B00715730 /* kext.c */ = {isa = PBXFileReference; fileEncoding = 4; lastKnownFileType = sourcecode.c.c; lineEnding = 0; name = kext.c; path = kernet_kext/kext.c; sourceTree = SOURCE_ROOT; xcLanguageSpecificationIdentifier = xcode.lang.c; };
		741248AA130E036B00715730 /* kext.h */ = {isa = PBXFileReference; fileEncoding = 4; lastKnownFileType = sourcecode.c.h; name = kext.h; path = kernet_kext/kext.h; sourceTree = SOURCE_ROOT; };
		741248AB130E036B00715730 /* manipulator.c */ = {isa = PBXFileReference; fileEncoding = 4; lastKnownFileType = sourcecode.c.c; name = manipulator.c; path = kernet_kext/manipulator.c; sourceTree = SOURCE_ROOT; };
		741248CC130E03EB00715730 /* main.c */ = {isa = PBXFileReference; lastKnownFileType = sourcecode.c.c; path = main.c; sourceTree = "<group>"; };
		7E0CA9281424466A00D88251 /* manipulator.h */ = {isa = PBXFileReference; fileEncoding = 4; lastKnownFileType = sourcecode.c.h; name = manipulator.h; path = kernet_kext/manipulator.h; sourceTree = SOURCE_ROOT; };
		7E0CA92B1424473F00D88251 /* filter.h */ = {isa = PBXFileReference; fileEncoding = 4; lastKnownFileType = sourcecode.c.h; name = filter.h; path = kernet_kext/filter.h; sourceTree = SOURCE_ROOT; };
		7E0CA92D1424474700D88251 /* filter.c */ = {isa = PBXFileReference; fileEncoding = 4; lastKnownFileType = sourcecode.c.c; name = filter.c; path = kernet_kext/filter.c; sourceTree = SOURCE_ROOT; };
		7E327527141EFE1600D9682B /* dns.h */ = {isa = PBXFileReference; fileEncoding = 4; lastKnownFileType = sourcecode.c.h; name = dns.h; path = kernet_kext/dns.h; sourceTree = SOURCE_ROOT; };
		7E327529141EFE2700D9682B /* dns.c */ = {isa = PBXFileReference; fileEncoding = 4; lastKnownFileType = sourcecode.c.c; name = dns.c; path = kernet_kext/dns.c; sourceTree = SOURCE_ROOT; };
		7E34C458142761E700F07C8E /* sysctl.c */ = {isa = PBXFileReference; fileEncoding = 4; lastKnownFileType = sourcecode.c.c; name = sysctl.c; path = kernet_kext/sysctl.c; sourceTree = SOURCE_ROOT; };
		7E34C45B1427620A00F07C8E /* sysctl.h */ = {isa = PBXFileReference; fileEncoding = 4; lastKnownFileType = sourcecode.c.h; name = sysctl.h; path = kernet_kext/sysctl.h; sourceTree = SOURCE_ROOT; };
		7E34C45D1427859200F07C8E /* mr.h */ = {isa = PBXFileReference; fileEncoding = 4; lastKnownFileType = sourcecode.c.h; name = mr.h; path = kernet_kext/mr.h; sourceTree = SOURCE_ROOT; };
		7E34C45F142785CC00F07C8E /* mr.c */ = {isa = PBXFileReference; fileEncoding = 4; lastKnownFileType = sourcecode.c.c; name = mr.c; path = kernet_kext/mr.c; sourceTree = SOURCE_ROOT; };
		7E7C12EA1429AB7400471DF4 /* iOS-build.txt */ = {isa = PBXFileReference; lastKnownFileType = text; path = "iOS-build.txt"; sourceTree = "<group>"; };
		7E7C12EB1429AB7400471DF4 /* remote-debug.txt */ = {isa = PBXFileReference; lastKnownFileType = text; path = "remote-debug.txt"; sourceTree = "<group>"; };
		7E7C12ED1429AD7100471DF4 /* notes */ = {isa = PBXFileReference; fileEncoding = 4; lastKnownFileType = text; path = notes; sourceTree = "<group>"; };
		7E90327714233FD1008B1FAB /* wildcard.h */ = {isa = PBXFileReference; fileEncoding = 4; lastKnownFileType = sourcecode.c.h; name = wildcard.h; path = kernet_kext/wildcard.h; sourceTree = SOURCE_ROOT; };
		7E90327A14233FDA008B1FAB /* wildcard.c */ = {isa = PBXFileReference; fileEncoding = 4; lastKnownFileType = sourcecode.c.c; name = wildcard.c; path = kernet_kext/wildcard.c; sourceTree = SOURCE_ROOT; };
		7E90327E142341ED008B1FAB /* locks.c */ = {isa = PBXFileReference; fileEncoding = 4; lastKnownFileType = sourcecode.c.c; name = locks.c; path = kernet_kext/locks.c; sourceTree = SOURCE_ROOT; };
		7E903280142341FD008B1FAB /* locks.h */ = {isa = PBXFileReference; fileEncoding = 4; lastKnownFileType = sourcecode.c.h; name = locks.h; path = kernet_kext/locks.h; sourceTree = SOURCE_ROOT; };
		7E90328414243D7F008B1FAB /* common.h */ = {isa = PBXFileReference; fileEncoding = 4; lastKnownFileType = sourcecode.c.h; name = common.h; path = kernet_kext/common.h; sourceTree = SOURCE_ROOT; };
		7E90328614243DE4008B1FAB /* ip_range.h */ = {isa = PBXFileReference; fileEncoding = 4; lastKnownFileType = sourcecode.c.h; name = ip_range.h; path = kernet_kext/ip_range.h; sourceTree = SOURCE_ROOT; };
		7E90328814243DF0008B1FAB /* ip_range.c */ = {isa = PBXFileReference; fileEncoding = 4; lastKnownFileType = sourcecode.c.c; name = ip_range.c; path = kernet_kext/ip_range.c; sourceTree = SOURCE_ROOT; };
		7E90328A142441B6008B1FAB /* debug.c */ = {isa = PBXFileReference; fileEncoding = 4; lastKnownFileType = sourcecode.c.c; name = debug.c; path = kernet_kext/debug.c; sourceTree = SOURCE_ROOT; };
		7E90328C14244438008B1FAB /* utils.h */ = {isa = PBXFileReference; fileEncoding = 4; lastKnownFileType = sourcecode.c.h; name = utils.h; path = kernet_kext/utils.h; sourceTree = SOURCE_ROOT; };
		7E90328E14244440008B1FAB /* utils.c */ = {isa = PBXFileReference; fileEncoding = 4; lastKnownFileType = sourcecode.c.c; name = utils.c; path = kernet_kext/utils.c; sourceTree = SOURCE_ROOT; };
		7EAC855513FE6E14005C6EE9 /* kernet_cli */ = {isa = PBXFileReference; explicitFileType = "compiled.mach-o.executable"; includeInIndex = 0; path = kernet_cli; sourceTree = BUILT_PRODUCTS_DIR; };
		7EBA1AD7141C82DE000C94A1 /* connection.c */ = {isa = PBXFileReference; fileEncoding = 4; lastKnownFileType = sourcecode.c.c; lineEnding = 0; name = connection.c; path = kernet_kext/connection.c; sourceTree = SOURCE_ROOT; xcLanguageSpecificationIdentifier = xcode.lang.c; };
		7EBA1AD8141C82DE000C94A1 /* connection.h */ = {isa = PBXFileReference; fileEncoding = 4; lastKnownFileType = sourcecode.c.h; lineEnding = 0; name = connection.h; path = kernet_kext/connection.h; sourceTree = SOURCE_ROOT; xcLanguageSpecificationIdentifier = xcode.lang.objcpp; };
		7EEF495F1371222E006845E2 /* not-working.c */ = {isa = PBXFileReference; fileEncoding = 4; lastKnownFileType = sourcecode.c.c; name = "not-working.c"; path = "kernet_kext/not-working.c"; sourceTree = SOURCE_ROOT; };
		7EEF496A137128E7006845E2 /* AppKit.framework */ = {isa = PBXFileReference; lastKnownFileType = wrapper.framework; name = AppKit.framework; path = System/Library/Frameworks/AppKit.framework; sourceTree = SDKROOT; };
		7EEF496B137128E7006845E2 /* CoreData.framework */ = {isa = PBXFileReference; lastKnownFileType = wrapper.framework; name = CoreData.framework; path = System/Library/Frameworks/CoreData.framework; sourceTree = SDKROOT; };
		7EEF496C137128E7006845E2 /* Foundation.framework */ = {isa = PBXFileReference; lastKnownFileType = wrapper.framework; name = Foundation.framework; path = System/Library/Frameworks/Foundation.framework; sourceTree = SDKROOT; };
		7EF3550F13FE90530049B88C /* ios_supporting.c */ = {isa = PBXFileReference; fileEncoding = 4; lastKnownFileType = sourcecode.c.c; name = ios_supporting.c; path = kernet_kext/ios_supporting.c; sourceTree = SOURCE_ROOT; };
/* End PBXFileReference section */

/* Begin PBXFrameworksBuildPhase section */
		7412488B130E033600715730 /* Frameworks */ = {
			isa = PBXFrameworksBuildPhase;
			buildActionMask = 2147483647;
			files = (
			);
			runOnlyForDeploymentPostprocessing = 0;
		};
		741248C6130E03EA00715730 /* Frameworks */ = {
			isa = PBXFrameworksBuildPhase;
			buildActionMask = 2147483647;
			files = (
			);
			runOnlyForDeploymentPostprocessing = 0;
		};
/* End PBXFrameworksBuildPhase section */

/* Begin PBXGroup section */
		74124891130E033600715730 /* Products */ = {
			isa = PBXGroup;
			children = (
				74124890130E033600715730 /* kernet.kext */,
				7EAC855513FE6E14005C6EE9 /* kernet_cli */,
			);
			name = Products;
			sourceTree = "<group>";
		};
		74124892130E033600715730 /* Frameworks */ = {
			isa = PBXGroup;
			children = (
				74124893130E033600715730 /* Other Frameworks */,
			);
			name = Frameworks;
			sourceTree = "<group>";
		};
		74124893130E033600715730 /* Other Frameworks */ = {
			isa = PBXGroup;
			children = (
				74124894130E033600715730 /* Kernel.framework */,
				7EEF496A137128E7006845E2 /* AppKit.framework */,
				7EEF496B137128E7006845E2 /* CoreData.framework */,
				7EEF496C137128E7006845E2 /* Foundation.framework */,
			);
			name = "Other Frameworks";
			sourceTree = "<group>";
		};
		74124895130E033600715730 /* kernet_kext */ = {
			isa = PBXGroup;
			children = (
				7E90328414243D7F008B1FAB /* common.h */,
				7E90328A142441B6008B1FAB /* debug.c */,
				7EBA1AD8141C82DE000C94A1 /* connection.h */,
				7EBA1AD7141C82DE000C94A1 /* connection.c */,
				741248B4130E037B00715730 /* Supporting files */,
				741248A2130E036B00715730 /* control.h */,
				741248A3130E036B00715730 /* control.c */,
				741248AA130E036B00715730 /* kext.h */,
				741248A9130E036B00715730 /* kext.c */,
				7E0CA9281424466A00D88251 /* manipulator.h */,
				741248AB130E036B00715730 /* manipulator.c */,
				7EEF495F1371222E006845E2 /* not-working.c */,
				7EF3550F13FE90530049B88C /* ios_supporting.c */,
				7E327527141EFE1600D9682B /* dns.h */,
				7E327529141EFE2700D9682B /* dns.c */,
				7E90327714233FD1008B1FAB /* wildcard.h */,
				7E90327A14233FDA008B1FAB /* wildcard.c */,
				7E903280142341FD008B1FAB /* locks.h */,
				7E90327E142341ED008B1FAB /* locks.c */,
				7E90328614243DE4008B1FAB /* ip_range.h */,
				7E90328814243DF0008B1FAB /* ip_range.c */,
				7E90328C14244438008B1FAB /* utils.h */,
				7E90328E14244440008B1FAB /* utils.c */,
				7E0CA92B1424473F00D88251 /* filter.h */,
				7E0CA92D1424474700D88251 /* filter.c */,
				7E34C45B1427620A00F07C8E /* sysctl.h */,
				7E34C458142761E700F07C8E /* sysctl.c */,
				7E34C45D1427859200F07C8E /* mr.h */,
				7E34C45F142785CC00F07C8E /* mr.c */,
			);
			name = kernet_kext;
			path = kernet;
			sourceTree = "<group>";
		};
		741248B4130E037B00715730 /* Supporting files */ = {
			isa = PBXGroup;
			children = (
				741248A7130E036B00715730 /* kernet-Info.plist */,
				741248A8130E036B00715730 /* kernet-Prefix.pch */,
			);
			name = "Supporting files";
			sourceTree = "<group>";
		};
		741248CB130E03EA00715730 /* kernet_cli */ = {
			isa = PBXGroup;
			children = (
				741248CC130E03EB00715730 /* main.c */,
			);
			path = kernet_cli;
			sourceTree = "<group>";
		};
		743EFCCA130DE8E800CD5B72 = {
			isa = PBXGroup;
			children = (
				7E7C12E91429AB7400471DF4 /* docs */,
				74124895130E033600715730 /* kernet_kext */,
				741248CB130E03EA00715730 /* kernet_cli */,
				74124892130E033600715730 /* Frameworks */,
				74124891130E033600715730 /* Products */,
			);
			sourceTree = "<group>";
		};
		7E7C12E91429AB7400471DF4 /* docs */ = {
			isa = PBXGroup;
			children = (
				7E7C12EA1429AB7400471DF4 /* iOS-build.txt */,
				7E7C12EB1429AB7400471DF4 /* remote-debug.txt */,
				7E7C12ED1429AD7100471DF4 /* notes */,
			);
			path = docs;
			sourceTree = "<group>";
		};
/* End PBXGroup section */

/* Begin PBXHeadersBuildPhase section */
		7412488C130E033600715730 /* Headers */ = {
			isa = PBXHeadersBuildPhase;
			buildActionMask = 2147483647;
			files = (
				741248AC130E036B00715730 /* control.h in Headers */,
				741248B0130E036B00715730 /* kernet-Prefix.pch in Headers */,
				741248B2130E036B00715730 /* kext.h in Headers */,
				7EBA1ADA141C82DE000C94A1 /* connection.h in Headers */,
				7E327528141EFE1600D9682B /* dns.h in Headers */,
				7E90327814233FD1008B1FAB /* wildcard.h in Headers */,
				7E903281142341FD008B1FAB /* locks.h in Headers */,
				7E90328514243D7F008B1FAB /* common.h in Headers */,
				7E90328714243DE4008B1FAB /* ip_range.h in Headers */,
				7E90328D14244438008B1FAB /* utils.h in Headers */,
				7E0CA9291424466A00D88251 /* manipulator.h in Headers */,
				7E0CA92C1424473F00D88251 /* filter.h in Headers */,
				7E34C45C1427620B00F07C8E /* sysctl.h in Headers */,
				7E34C45E1427859200F07C8E /* mr.h in Headers */,
			);
			runOnlyForDeploymentPostprocessing = 0;
		};
		741248D2130E058000715730 /* Headers */ = {
			isa = PBXHeadersBuildPhase;
			buildActionMask = 2147483647;
			files = (
				741248D3130E058500715730 /* control.h in Headers */,
			);
			runOnlyForDeploymentPostprocessing = 0;
		};
/* End PBXHeadersBuildPhase section */

/* Begin PBXNativeTarget section */
		7412488F130E033600715730 /* kernet_kext */ = {
			isa = PBXNativeTarget;
			buildConfigurationList = 741248A0130E033600715730 /* Build configuration list for PBXNativeTarget "kernet_kext" */;
			buildPhases = (
				7412488A130E033600715730 /* Sources */,
				7412488B130E033600715730 /* Frameworks */,
				7412488C130E033600715730 /* Headers */,
				7412488D130E033600715730 /* Resources */,
				7412488E130E033600715730 /* Rez */,
			);
			buildRules = (
			);
			dependencies = (
			);
			name = kernet_kext;
			productName = kernet;
			productReference = 74124890130E033600715730 /* kernet.kext */;
			productType = "com.apple.product-type.kernel-extension";
		};
		741248C8130E03EA00715730 /* kernet_cli */ = {
			isa = PBXNativeTarget;
			buildConfigurationList = 741248CF130E03EB00715730 /* Build configuration list for PBXNativeTarget "kernet_cli" */;
			buildPhases = (
				741248C5130E03EA00715730 /* Sources */,
				741248C6130E03EA00715730 /* Frameworks */,
				741248C7130E03EA00715730 /* CopyFiles */,
				741248D2130E058000715730 /* Headers */,
			);
			buildRules = (
			);
			dependencies = (
			);
			name = kernet_cli;
			productName = kernet_cli;
			productReference = 7EAC855513FE6E14005C6EE9 /* kernet_cli */;
			productType = "com.apple.product-type.tool";
		};
/* End PBXNativeTarget section */

/* Begin PBXProject section */
		743EFCCC130DE8E800CD5B72 /* Project object */ = {
			isa = PBXProject;
			attributes = {
				LastUpgradeCheck = 0420;
			};
			buildConfigurationList = 743EFCCF130DE8E800CD5B72 /* Build configuration list for PBXProject "Kernet" */;
			compatibilityVersion = "Xcode 3.2";
			developmentRegion = English;
			hasScannedForEncodings = 0;
			knownRegions = (
				en,
			);
			mainGroup = 743EFCCA130DE8E800CD5B72;
			productRefGroup = 74124891130E033600715730 /* Products */;
			projectDirPath = "";
			projectRoot = "";
			targets = (
				7412488F130E033600715730 /* kernet_kext */,
				741248C8130E03EA00715730 /* kernet_cli */,
			);
		};
/* End PBXProject section */

/* Begin PBXResourcesBuildPhase section */
		7412488D130E033600715730 /* Resources */ = {
			isa = PBXResourcesBuildPhase;
			buildActionMask = 2147483647;
			files = (
				7E7C12EE1429AD7200471DF4 /* notes in Resources */,
			);
			runOnlyForDeploymentPostprocessing = 0;
		};
/* End PBXResourcesBuildPhase section */

/* Begin PBXRezBuildPhase section */
		7412488E130E033600715730 /* Rez */ = {
			isa = PBXRezBuildPhase;
			buildActionMask = 2147483647;
			files = (
			);
			runOnlyForDeploymentPostprocessing = 0;
		};
/* End PBXRezBuildPhase section */

/* Begin PBXSourcesBuildPhase section */
		7412488A130E033600715730 /* Sources */ = {
			isa = PBXSourcesBuildPhase;
			buildActionMask = 2147483647;
			files = (
				741248AD130E036B00715730 /* control.c in Sources */,
				741248B1130E036B00715730 /* kext.c in Sources */,
				741248B3130E036B00715730 /* manipulator.c in Sources */,
				7EF3551013FE90530049B88C /* ios_supporting.c in Sources */,
				7EBA1AD9141C82DE000C94A1 /* connection.c in Sources */,
				7E32752A141EFE2700D9682B /* dns.c in Sources */,
				7E90327B14233FDA008B1FAB /* wildcard.c in Sources */,
				7E90327F142341ED008B1FAB /* locks.c in Sources */,
				7E90328914243DF0008B1FAB /* ip_range.c in Sources */,
				7E90328B142441B6008B1FAB /* debug.c in Sources */,
				7E90328F14244441008B1FAB /* utils.c in Sources */,
				7E0CA92E1424474700D88251 /* filter.c in Sources */,
				7E34C459142761E700F07C8E /* sysctl.c in Sources */,
				7E34C460142785CC00F07C8E /* mr.c in Sources */,
			);
			runOnlyForDeploymentPostprocessing = 0;
		};
		741248C5130E03EA00715730 /* Sources */ = {
			isa = PBXSourcesBuildPhase;
			buildActionMask = 2147483647;
			files = (
				741248CD130E03EB00715730 /* main.c in Sources */,
			);
			runOnlyForDeploymentPostprocessing = 0;
		};
/* End PBXSourcesBuildPhase section */

/* Begin XCBuildConfiguration section */
		7412489E130E033600715730 /* Debug */ = {
			isa = XCBuildConfiguration;
			buildSettings = {
				ALWAYS_SEARCH_USER_PATHS = NO;
				ARCHS = "$(ARCHS_STANDARD_32_64_BIT)";
				CODE_SIGN_IDENTITY = "";
				COPY_PHASE_STRIP = NO;
				GCC_C_LANGUAGE_STANDARD = gnu99;
				GCC_DYNAMIC_NO_PIC = NO;
				GCC_ENABLE_OBJC_EXCEPTIONS = YES;
				GCC_OPTIMIZATION_LEVEL = 0;
				GCC_PRECOMPILE_PREFIX_HEADER = NO;
				GCC_PREFIX_HEADER = "kernet_kext/kernet-Prefix.pch";
				GCC_PREPROCESSOR_DEFINITIONS = DEBUG;
				GCC_VERSION = "";
				GCC_WARN_64_TO_32_BIT_CONVERSION = YES;
				GCC_WARN_ABOUT_RETURN_TYPE = YES;
				GCC_WARN_UNUSED_VARIABLE = YES;
				INFOPLIST_FILE = "kernet_kext/kernet-Info.plist";
				INSTALL_PATH = "$(SYSTEM_LIBRARY_DIR)/Extensions";
				MACOSX_DEPLOYMENT_TARGET = 10.7;
				MODULE_NAME = com.ccp0101.kext.kernet;
				MODULE_START = com_ccp0101_kext_kernet_start;
				MODULE_STOP = com_ccp0101_kext_kernet_stop;
				MODULE_VERSION = 1.0.0d1;
				ONLY_ACTIVE_ARCH = YES;
				OTHER_CFLAGS = "-DKERNET_KEXT";
				PRODUCT_NAME = kernet;
				SDKROOT = "";
				WRAPPER_EXTENSION = kext;
			};
			name = Debug;
		};
		7412489F130E033600715730 /* Release */ = {
			isa = XCBuildConfiguration;
			buildSettings = {
				ALWAYS_SEARCH_USER_PATHS = NO;
				ARCHS = "$(ARCHS_STANDARD_32_64_BIT)";
				CODE_SIGN_IDENTITY = "";
				COPY_PHASE_STRIP = YES;
				DEBUG_INFORMATION_FORMAT = "dwarf-with-dsym";
				GCC_C_LANGUAGE_STANDARD = gnu99;
				GCC_ENABLE_OBJC_EXCEPTIONS = YES;
				GCC_PRECOMPILE_PREFIX_HEADER = NO;
				GCC_PREFIX_HEADER = "kernet_kext/kernet-Prefix.pch";
				GCC_VERSION = "";
				GCC_WARN_64_TO_32_BIT_CONVERSION = YES;
				GCC_WARN_ABOUT_RETURN_TYPE = YES;
				GCC_WARN_UNUSED_VARIABLE = YES;
				INFOPLIST_FILE = "kernet_kext/kernet-Info.plist";
				INSTALL_PATH = "$(SYSTEM_LIBRARY_DIR)/Extensions";
				MACOSX_DEPLOYMENT_TARGET = 10.7;
				MODULE_NAME = com.ccp0101.kext.kernet;
				MODULE_START = com_ccp0101_kext_kernet_start;
				MODULE_STOP = com_ccp0101_kext_kernet_stop;
				MODULE_VERSION = 1.0.0d1;
				OTHER_CFLAGS = "-DKERNET_KEXT";
				PRODUCT_NAME = kernet;
				SDKROOT = "";
				WRAPPER_EXTENSION = kext;
			};
			name = Release;
		};
		741248D0130E03EB00715730 /* Debug */ = {
			isa = XCBuildConfiguration;
			buildSettings = {
				ALWAYS_SEARCH_USER_PATHS = NO;
				ARCHS = "$(ARCHS_STANDARD_32_64_BIT)";
				COPY_PHASE_STRIP = NO;
				GCC_C_LANGUAGE_STANDARD = gnu99;
				GCC_DYNAMIC_NO_PIC = NO;
				GCC_ENABLE_OBJC_EXCEPTIONS = YES;
				GCC_OPTIMIZATION_LEVEL = 0;
				GCC_PREPROCESSOR_DEFINITIONS = DEBUG;
				GCC_VERSION = com.apple.compilers.llvm.clang.1_0;
				GCC_WARN_64_TO_32_BIT_CONVERSION = YES;
				GCC_WARN_ABOUT_RETURN_TYPE = YES;
				GCC_WARN_UNUSED_VARIABLE = YES;
				MACOSX_DEPLOYMENT_TARGET = 10.6;
				ONLY_ACTIVE_ARCH = YES;
				PRODUCT_NAME = "$(TARGET_NAME)";
				SDKROOT = "";
			};
			name = Debug;
		};
		741248D1130E03EB00715730 /* Release */ = {
			isa = XCBuildConfiguration;
			buildSettings = {
				ALWAYS_SEARCH_USER_PATHS = NO;
				ARCHS = "$(ARCHS_STANDARD_32_64_BIT)";
				COPY_PHASE_STRIP = YES;
				DEBUG_INFORMATION_FORMAT = "dwarf-with-dsym";
				GCC_C_LANGUAGE_STANDARD = gnu99;
				GCC_ENABLE_OBJC_EXCEPTIONS = YES;
				GCC_VERSION = com.apple.compilers.llvm.clang.1_0;
				GCC_WARN_64_TO_32_BIT_CONVERSION = YES;
				GCC_WARN_ABOUT_RETURN_TYPE = YES;
				GCC_WARN_UNUSED_VARIABLE = YES;
				MACOSX_DEPLOYMENT_TARGET = 10.6;
				PRODUCT_NAME = "$(TARGET_NAME)";
				SDKROOT = "";
			};
			name = Release;
		};
		743EFCD1130DE8E800CD5B72 /* Debug */ = {
			isa = XCBuildConfiguration;
			buildSettings = {
				GCC_VERSION = 4.2;
				SDKROOT = "";
			};
			name = Debug;
		};
		743EFCD2130DE8E800CD5B72 /* Release */ = {
			isa = XCBuildConfiguration;
			buildSettings = {
				GCC_VERSION = 4.2;
				SDKROOT = "";
			};
			name = Release;
		};
/* End XCBuildConfiguration section */

/* Begin XCConfigurationList section */
		741248A0130E033600715730 /* Build configuration list for PBXNativeTarget "kernet_kext" */ = {
			isa = XCConfigurationList;
			buildConfigurations = (
				7412489E130E033600715730 /* Debug */,
				7412489F130E033600715730 /* Release */,
			);
			defaultConfigurationIsVisible = 0;
			defaultConfigurationName = Release;
		};
		741248CF130E03EB00715730 /* Build configuration list for PBXNativeTarget "kernet_cli" */ = {
			isa = XCConfigurationList;
			buildConfigurations = (
				741248D0130E03EB00715730 /* Debug */,
				741248D1130E03EB00715730 /* Release */,
			);
			defaultConfigurationIsVisible = 0;
			defaultConfigurationName = Release;
		};
		743EFCCF130DE8E800CD5B72 /* Build configuration list for PBXProject "Kernet" */ = {
			isa = XCConfigurationList;
			buildConfigurations = (
				743EFCD1130DE8E800CD5B72 /* Debug */,
				743EFCD2130DE8E800CD5B72 /* Release */,
			);
			defaultConfigurationIsVisible = 0;
			defaultConfigurationName = Release;
		};
/* End XCConfigurationList section */
	};
	rootObject = 743EFCCC130DE8E800CD5B72 /* Project object */;
}
